PODS:
  - Alamofire (5.2.1)
  - ObjectMapper (4.2.0)

DEPENDENCIES:
  - Alamofire (~> 5.2)
  - ObjectMapper (~> 4.2)

SPEC REPOS:
  trunk:
    - Alamofire
    - ObjectMapper

SPEC CHECKSUMS:
  Alamofire: e911732990610fe89af59ac0077f923d72dc3dfd
  ObjectMapper: 1eb41f610210777375fa806bf161dc39fb832b81

PODFILE CHECKSUM: f67a15383ecf11ffe1071f422cc84596c1d71814

COCOAPODS: 1.9.3
